
Microsoft Visual Studio Solution File, Format Version 12.00
# Visual Studio Version 16
VisualStudioVersion = 16.0.32126.315
MinimumVisualStudioVersion = 10.0.40219.1
Project("{2150E333-8FDC-42A3-9474-1A3956D46DE8}") = "src", "src", "{880C51FE-5EC9-4407-9A86-2AF7D249A7BC}"
EndProject
Project("{2150E333-8FDC-42A3-9474-1A3956D46DE8}") = "services", "services", "{8BCBA616-5199-485F-B2A8-5333C50BF61C}"
EndProject
Project("{2150E333-8FDC-42A3-9474-1A3956D46DE8}") = "building blocks", "building blocks", "{D0E4C465-E3F0-4120-9533-FB4D0C9CEBB8}"
EndProject
Project("{2150E333-8FDC-42A3-9474-1A3956D46DE8}") = "web", "web", "{AC08629B-1D9A-4BEB-B9E1-FFF4FA8A46A6}"
EndProject
Project("{2150E333-8FDC-42A3-9474-1A3956D46DE8}") = "MVC", "MVC", "{021EB933-66FB-4466-BABD-D318D54F46FA}"
EndProject
Project("{FAE04EC0-301F-11D3-BF4B-00C04F79EFBC}") = "NSE.WebApp.MVC", "src\web\NSE.WebApp.MVC\NSE.WebApp.MVC.csproj", "{E7FA2EF6-0261-402E-88D4-EAC0F74A9B46}"
EndProject
Project("{2150E333-8FDC-42A3-9474-1A3956D46DE8}") = "Core", "Core", "{2664A1A2-B4A0-4B35-B473-7B7CCBB5124F}"
EndProject
Project("{FAE04EC0-301F-11D3-BF4B-00C04F79EFBC}") = "NSE.Core", "src\building blocks\NSE.Core\NSE.Core.csproj", "{FF515903-665D-4669-B276-9D352BEA16C1}"
EndProject
Project("{2150E333-8FDC-42A3-9474-1A3956D46DE8}") = "Identidade", "Identidade", "{BBCA5153-2B47-49A0-8CEF-BA4CF780DF8B}"
EndProject
Project("{FAE04EC0-301F-11D3-BF4B-00C04F79EFBC}") = "NSE.Identidade.API", "src\services\NSE.Identidade.API\NSE.Identidade.API.csproj", "{533F0DAB-0C65-43CA-88D9-77D8A0AC1D02}"
EndProject
Project("{2150E333-8FDC-42A3-9474-1A3956D46DE8}") = "Carrinho", "Carrinho", "{9B066201-7A82-457E-B4ED-D1F6ADE647D0}"
EndProject
Project("{FAE04EC0-301F-11D3-BF4B-00C04F79EFBC}") = "NSE.Carrinho.API", "src\services\NSE.Carrinho.API\NSE.Carrinho.API.csproj", "{81738212-B0FB-4BF8-B1C9-4224FA1689B1}"
EndProject
Project("{2150E333-8FDC-42A3-9474-1A3956D46DE8}") = "Catalogo", "Catalogo", "{C9DD4957-CDB9-43FC-A175-24854968E321}"
EndProject
Project("{FAE04EC0-301F-11D3-BF4B-00C04F79EFBC}") = "NSE.Catalogo.API", "src\services\NSE.Catalogo.API\NSE.Catalogo.API.csproj", "{9042AD26-5D9B-44F1-829F-2C2FE91B61F8}"
EndProject
Project("{2150E333-8FDC-42A3-9474-1A3956D46DE8}") = "Cliente", "Cliente", "{04F08967-50E9-427B-9970-7D1ACE54AC4A}"
EndProject
Project("{FAE04EC0-301F-11D3-BF4B-00C04F79EFBC}") = "NSE.Cliente.API", "src\services\NSE.Cliente.API\NSE.Cliente.API.csproj", "{A911A017-36C6-45F7-B8B5-B4EFD303339A}"
EndProject
Project("{2150E333-8FDC-42A3-9474-1A3956D46DE8}") = "Pagamento", "Pagamento", "{CAA8D45C-D51C-4396-B055-4BC0857B9B1C}"
EndProject
Project("{FAE04EC0-301F-11D3-BF4B-00C04F79EFBC}") = "NSE.Pagamento.API", "src\services\NSE.Pagamento.API\NSE.Pagamento.API.csproj", "{3411DDE6-1B3C-4B6D-A9CB-2415DCEB3675}"
EndProject
Project("{2150E333-8FDC-42A3-9474-1A3956D46DE8}") = "Pedido", "Pedido", "{14CD8733-F111-4DD0-AF58-B7FA114D7A92}"
EndProject
Project("{FAE04EC0-301F-11D3-BF4B-00C04F79EFBC}") = "NSE.Pedido.API", "src\services\NSE.Pedido.API\NSE.Pedido.API.csproj", "{85F10BAA-5E54-4E37-9BD8-512D99FA186E}"
EndProject
Global
	GlobalSection(SolutionConfigurationPlatforms) = preSolution
		Debug|Any CPU = Debug|Any CPU
		Release|Any CPU = Release|Any CPU
	EndGlobalSection
	GlobalSection(ProjectConfigurationPlatforms) = postSolution
		{E7FA2EF6-0261-402E-88D4-EAC0F74A9B46}.Debug|Any CPU.ActiveCfg = Debug|Any CPU
		{E7FA2EF6-0261-402E-88D4-EAC0F74A9B46}.Debug|Any CPU.Build.0 = Debug|Any CPU
		{E7FA2EF6-0261-402E-88D4-EAC0F74A9B46}.Release|Any CPU.ActiveCfg = Release|Any CPU
		{E7FA2EF6-0261-402E-88D4-EAC0F74A9B46}.Release|Any CPU.Build.0 = Release|Any CPU
		{FF515903-665D-4669-B276-9D352BEA16C1}.Debug|Any CPU.ActiveCfg = Debug|Any CPU
		{FF515903-665D-4669-B276-9D352BEA16C1}.Debug|Any CPU.Build.0 = Debug|Any CPU
		{FF515903-665D-4669-B276-9D352BEA16C1}.Release|Any CPU.ActiveCfg = Release|Any CPU
		{FF515903-665D-4669-B276-9D352BEA16C1}.Release|Any CPU.Build.0 = Release|Any CPU
		{533F0DAB-0C65-43CA-88D9-77D8A0AC1D02}.Debug|Any CPU.ActiveCfg = Debug|Any CPU
		{533F0DAB-0C65-43CA-88D9-77D8A0AC1D02}.Debug|Any CPU.Build.0 = Debug|Any CPU
		{533F0DAB-0C65-43CA-88D9-77D8A0AC1D02}.Release|Any CPU.ActiveCfg = Release|Any CPU
		{533F0DAB-0C65-43CA-88D9-77D8A0AC1D02}.Release|Any CPU.Build.0 = Release|Any CPU
		{81738212-B0FB-4BF8-B1C9-4224FA1689B1}.Debug|Any CPU.ActiveCfg = Debug|Any CPU
		{81738212-B0FB-4BF8-B1C9-4224FA1689B1}.Debug|Any CPU.Build.0 = Debug|Any CPU
		{81738212-B0FB-4BF8-B1C9-4224FA1689B1}.Release|Any CPU.ActiveCfg = Release|Any CPU
		{81738212-B0FB-4BF8-B1C9-4224FA1689B1}.Release|Any CPU.Build.0 = Release|Any CPU
		{9042AD26-5D9B-44F1-829F-2C2FE91B61F8}.Debug|Any CPU.ActiveCfg = Debug|Any CPU
		{9042AD26-5D9B-44F1-829F-2C2FE91B61F8}.Debug|Any CPU.Build.0 = Debug|Any CPU
		{9042AD26-5D9B-44F1-829F-2C2FE91B61F8}.Release|Any CPU.ActiveCfg = Release|Any CPU
		{9042AD26-5D9B-44F1-829F-2C2FE91B61F8}.Release|Any CPU.Build.0 = Release|Any CPU
		{A911A017-36C6-45F7-B8B5-B4EFD303339A}.Debug|Any CPU.ActiveCfg = Debug|Any CPU
		{A911A017-36C6-45F7-B8B5-B4EFD303339A}.Debug|Any CPU.Build.0 = Debug|Any CPU
		{A911A017-36C6-45F7-B8B5-B4EFD303339A}.Release|Any CPU.ActiveCfg = Release|Any CPU
		{A911A017-36C6-45F7-B8B5-B4EFD303339A}.Release|Any CPU.Build.0 = Release|Any CPU
		{3411DDE6-1B3C-4B6D-A9CB-2415DCEB3675}.Debug|Any CPU.ActiveCfg = Debug|Any CPU
		{3411DDE6-1B3C-4B6D-A9CB-2415DCEB3675}.Debug|Any CPU.Build.0 = Debug|Any CPU
		{3411DDE6-1B3C-4B6D-A9CB-2415DCEB3675}.Release|Any CPU.ActiveCfg = Release|Any CPU
		{3411DDE6-1B3C-4B6D-A9CB-2415DCEB3675}.Release|Any CPU.Build.0 = Release|Any CPU
		{85F10BAA-5E54-4E37-9BD8-512D99FA186E}.Debug|Any CPU.ActiveCfg = Debug|Any CPU
		{85F10BAA-5E54-4E37-9BD8-512D99FA186E}.Debug|Any CPU.Build.0 = Debug|Any CPU
		{85F10BAA-5E54-4E37-9BD8-512D99FA186E}.Release|Any CPU.ActiveCfg = Release|Any CPU
		{85F10BAA-5E54-4E37-9BD8-512D99FA186E}.Release|Any CPU.Build.0 = Release|Any CPU
	EndGlobalSection
	GlobalSection(SolutionProperties) = preSolution
		HideSolutionNode = FALSE
	EndGlobalSection
	GlobalSection(NestedProjects) = preSolution
		{8BCBA616-5199-485F-B2A8-5333C50BF61C} = {880C51FE-5EC9-4407-9A86-2AF7D249A7BC}
		{D0E4C465-E3F0-4120-9533-FB4D0C9CEBB8} = {880C51FE-5EC9-4407-9A86-2AF7D249A7BC}
		{AC08629B-1D9A-4BEB-B9E1-FFF4FA8A46A6} = {880C51FE-5EC9-4407-9A86-2AF7D249A7BC}
		{021EB933-66FB-4466-BABD-D318D54F46FA} = {AC08629B-1D9A-4BEB-B9E1-FFF4FA8A46A6}
		{E7FA2EF6-0261-402E-88D4-EAC0F74A9B46} = {021EB933-66FB-4466-BABD-D318D54F46FA}
		{2664A1A2-B4A0-4B35-B473-7B7CCBB5124F} = {D0E4C465-E3F0-4120-9533-FB4D0C9CEBB8}
		{FF515903-665D-4669-B276-9D352BEA16C1} = {2664A1A2-B4A0-4B35-B473-7B7CCBB5124F}
		{BBCA5153-2B47-49A0-8CEF-BA4CF780DF8B} = {8BCBA616-5199-485F-B2A8-5333C50BF61C}
		{533F0DAB-0C65-43CA-88D9-77D8A0AC1D02} = {BBCA5153-2B47-49A0-8CEF-BA4CF780DF8B}
		{9B066201-7A82-457E-B4ED-D1F6ADE647D0} = {8BCBA616-5199-485F-B2A8-5333C50BF61C}
		{81738212-B0FB-4BF8-B1C9-4224FA1689B1} = {9B066201-7A82-457E-B4ED-D1F6ADE647D0}
		{C9DD4957-CDB9-43FC-A175-24854968E321} = {8BCBA616-5199-485F-B2A8-5333C50BF61C}
		{9042AD26-5D9B-44F1-829F-2C2FE91B61F8} = {C9DD4957-CDB9-43FC-A175-24854968E321}
		{04F08967-50E9-427B-9970-7D1ACE54AC4A} = {8BCBA616-5199-485F-B2A8-5333C50BF61C}
		{A911A017-36C6-45F7-B8B5-B4EFD303339A} = {04F08967-50E9-427B-9970-7D1ACE54AC4A}
		{CAA8D45C-D51C-4396-B055-4BC0857B9B1C} = {8BCBA616-5199-485F-B2A8-5333C50BF61C}
		{3411DDE6-1B3C-4B6D-A9CB-2415DCEB3675} = {CAA8D45C-D51C-4396-B055-4BC0857B9B1C}
		{14CD8733-F111-4DD0-AF58-B7FA114D7A92} = {8BCBA616-5199-485F-B2A8-5333C50BF61C}
		{85F10BAA-5E54-4E37-9BD8-512D99FA186E} = {14CD8733-F111-4DD0-AF58-B7FA114D7A92}
	EndGlobalSection
	GlobalSection(ExtensibilityGlobals) = postSolution
		SolutionGuid = {42A14BB2-424D-4B87-BD38-5B970E07181B}
	EndGlobalSection
EndGlobal
